
Microsoft Visual Studio Solution File, Format Version 12.00
# Visual Studio Version 16
VisualStudioVersion = 16.0.31129.286
MinimumVisualStudioVersion = 10.0.40219.1
Project("{2150E333-8FDC-42A3-9474-1A3956D46DE8}") = "1-Chapter2", "1-Chapter2", "{4B37CD0E-8E6B-44B5-B63B-3892CD1500AD}"
EndProject
Project("{9A19103F-16F7-4668-BE54-9A1E7A4F7556}") = "1.1-ConsoleApp1", "ConsoleApp1\1.1-ConsoleApp1.csproj", "{DE63FF0A-5CB4-40A2-9C5B-E72C6A29FF4A}"
EndProject
Project("{2150E333-8FDC-42A3-9474-1A3956D46DE8}") = "2-Chapter3", "2-Chapter3", "{8FE94D6E-4373-44BE-AB82-860FFE73FFFD}"
EndProject
Project("{FAE04EC0-301F-11D3-BF4B-00C04F79EFBC}") = "2.1-SimpleCSharpApp", "2.1-SimpleCSharpApp\2.1-SimpleCSharpApp.csproj", "{7A8F9CA8-D439-4193-9957-B96CF550D7AC}"
EndProject
Project("{FAE04EC0-301F-11D3-BF4B-00C04F79EFBC}") = "2.2-BasicDataTypes", "3.1-BasicDataTypes\2.2-BasicDataTypes.csproj", "{2CA0DA4D-2513-4DF3-B5B5-111D3BA8B2C4}"
EndProject
Project("{FAE04EC0-301F-11D3-BF4B-00C04F79EFBC}") = "2.3-FunWithStrings", "FunWithStrings\2.3-FunWithStrings.csproj", "{71087A50-46D9-45B9-A6E7-6B084ECDB1AE}"
EndProject
Project("{FAE04EC0-301F-11D3-BF4B-00C04F79EFBC}") = "2.4-DecisionConstructs", "2.4-DecisionConstructs\2.4-DecisionConstructs.csproj", "{4A7B6A9F-CD3A-4F7D-84DF-504FE47602B7}"
EndProject
Project("{2150E333-8FDC-42A3-9474-1A3956D46DE8}") = "3-Chapter4", "3-Chapter4", "{247DD883-3A13-4334-9FC8-E1E4296DAFF2}"
EndProject
Project("{FAE04EC0-301F-11D3-BF4B-00C04F79EFBC}") = "3.1-FunWithArrays", "3.1-FunWithArrays\3.1-FunWithArrays.csproj", "{FF01D2E2-EAF8-4DC2-8747-FBBE2456EEEE}"
EndProject
Project("{FAE04EC0-301F-11D3-BF4B-00C04F79EFBC}") = "3.2-FunWithLocalFunctions", "3.2-FunWithLocalFunctions\3.2-FunWithLocalFunctions.csproj", "{45AC178F-04C8-4D03-8C62-C5779596B3F5}"
EndProject
Project("{FAE04EC0-301F-11D3-BF4B-00C04F79EFBC}") = "3.3-FunWithMethods", "3.3-FunWithMethods\3.3-FunWithMethods.csproj", "{7450ADC0-8524-4F9B-9312-3AA071974B55}"
EndProject
Project("{FAE04EC0-301F-11D3-BF4B-00C04F79EFBC}") = "3.4-MethodOverloading", "3.4-MethodOverloading\3.4-MethodOverloading.csproj", "{466C0050-D043-4B0D-A5CE-20525379CEBD}"
EndProject
Project("{FAE04EC0-301F-11D3-BF4B-00C04F79EFBC}") = "3.5-FunWithEnums", "3.5-FunWithEnums\3.5-FunWithEnums.csproj", "{C2CE5C5D-6CCD-4887-A153-FEB66EECEDC4}"
EndProject
Project("{FAE04EC0-301F-11D3-BF4B-00C04F79EFBC}") = "3.6-FunWithStructures", "3.6-FunWithStructures\3.6-FunWithStructures.csproj", "{AF50E9FA-54E5-4AAB-A5C5-F6F95C519782}"
EndProject
Project("{FAE04EC0-301F-11D3-BF4B-00C04F79EFBC}") = "3.7-ValueAndReferenceTypes", "3.7-ValueAndReferenceTypes\3.7-ValueAndReferenceTypes.csproj", "{60C5C7B0-0FB8-49AB-894B-C498A4F6E31B}"
EndProject
Project("{FAE04EC0-301F-11D3-BF4B-00C04F79EFBC}") = "3.8-RefTypeValTypeParams", "3.8-RefTypeValTypeParams\3.8-RefTypeValTypeParams.csproj", "{37502B7D-7381-4F99-AA2A-11052B4C2E79}"
EndProject
Project("{FAE04EC0-301F-11D3-BF4B-00C04F79EFBC}") = "3.9-NullableValueTypes", "3.9-NullableValueTypes\3.9-NullableValueTypes.csproj", "{9096DF16-65FB-42F9-B332-8334AD1D214E}"
EndProject
Project("{FAE04EC0-301F-11D3-BF4B-00C04F79EFBC}") = "3.10-NullableReferenceTypes", "3.10-NullableReferenceTypes\3.10-NullableReferenceTypes.csproj", "{BD21D575-3939-4282-9F31-A6187E8859E5}"
EndProject
Project("{FAE04EC0-301F-11D3-BF4B-00C04F79EFBC}") = "3.11-FunWithTuples", "3.11-FunWithTuples\3.11-FunWithTuples.csproj", "{F38F37C9-8165-4E58-973A-869CDAC20F66}"
EndProject
Project("{2150E333-8FDC-42A3-9474-1A3956D46DE8}") = "4-Chapter5", "4-Chapter5", "{47B4A2C0-A66A-497B-9C77-1D6B87DCAB58}"
EndProject
Global
	GlobalSection(SolutionConfigurationPlatforms) = preSolution
		Debug|Any CPU = Debug|Any CPU
		Release|Any CPU = Release|Any CPU
	EndGlobalSection
	GlobalSection(ProjectConfigurationPlatforms) = postSolution
		{DE63FF0A-5CB4-40A2-9C5B-E72C6A29FF4A}.Debug|Any CPU.ActiveCfg = Debug|Any CPU
		{DE63FF0A-5CB4-40A2-9C5B-E72C6A29FF4A}.Debug|Any CPU.Build.0 = Debug|Any CPU
		{DE63FF0A-5CB4-40A2-9C5B-E72C6A29FF4A}.Release|Any CPU.ActiveCfg = Release|Any CPU
		{DE63FF0A-5CB4-40A2-9C5B-E72C6A29FF4A}.Release|Any CPU.Build.0 = Release|Any CPU
		{7A8F9CA8-D439-4193-9957-B96CF550D7AC}.Debug|Any CPU.ActiveCfg = Debug|Any CPU
		{7A8F9CA8-D439-4193-9957-B96CF550D7AC}.Debug|Any CPU.Build.0 = Debug|Any CPU
		{7A8F9CA8-D439-4193-9957-B96CF550D7AC}.Release|Any CPU.ActiveCfg = Release|Any CPU
		{7A8F9CA8-D439-4193-9957-B96CF550D7AC}.Release|Any CPU.Build.0 = Release|Any CPU
		{2CA0DA4D-2513-4DF3-B5B5-111D3BA8B2C4}.Debug|Any CPU.ActiveCfg = Debug|Any CPU
		{2CA0DA4D-2513-4DF3-B5B5-111D3BA8B2C4}.Debug|Any CPU.Build.0 = Debug|Any CPU
		{2CA0DA4D-2513-4DF3-B5B5-111D3BA8B2C4}.Release|Any CPU.ActiveCfg = Release|Any CPU
		{2CA0DA4D-2513-4DF3-B5B5-111D3BA8B2C4}.Release|Any CPU.Build.0 = Release|Any CPU
		{71087A50-46D9-45B9-A6E7-6B084ECDB1AE}.Debug|Any CPU.ActiveCfg = Debug|Any CPU
		{71087A50-46D9-45B9-A6E7-6B084ECDB1AE}.Debug|Any CPU.Build.0 = Debug|Any CPU
		{71087A50-46D9-45B9-A6E7-6B084ECDB1AE}.Release|Any CPU.ActiveCfg = Release|Any CPU
		{71087A50-46D9-45B9-A6E7-6B084ECDB1AE}.Release|Any CPU.Build.0 = Release|Any CPU
		{4A7B6A9F-CD3A-4F7D-84DF-504FE47602B7}.Debug|Any CPU.ActiveCfg = Debug|Any CPU
		{4A7B6A9F-CD3A-4F7D-84DF-504FE47602B7}.Debug|Any CPU.Build.0 = Debug|Any CPU
		{4A7B6A9F-CD3A-4F7D-84DF-504FE47602B7}.Release|Any CPU.ActiveCfg = Release|Any CPU
		{4A7B6A9F-CD3A-4F7D-84DF-504FE47602B7}.Release|Any CPU.Build.0 = Release|Any CPU
		{FF01D2E2-EAF8-4DC2-8747-FBBE2456EEEE}.Debug|Any CPU.ActiveCfg = Debug|Any CPU
		{FF01D2E2-EAF8-4DC2-8747-FBBE2456EEEE}.Debug|Any CPU.Build.0 = Debug|Any CPU
		{FF01D2E2-EAF8-4DC2-8747-FBBE2456EEEE}.Release|Any CPU.ActiveCfg = Release|Any CPU
		{FF01D2E2-EAF8-4DC2-8747-FBBE2456EEEE}.Release|Any CPU.Build.0 = Release|Any CPU
		{45AC178F-04C8-4D03-8C62-C5779596B3F5}.Debug|Any CPU.ActiveCfg = Debug|Any CPU
		{45AC178F-04C8-4D03-8C62-C5779596B3F5}.Debug|Any CPU.Build.0 = Debug|Any CPU
		{45AC178F-04C8-4D03-8C62-C5779596B3F5}.Release|Any CPU.ActiveCfg = Release|Any CPU
		{45AC178F-04C8-4D03-8C62-C5779596B3F5}.Release|Any CPU.Build.0 = Release|Any CPU
		{7450ADC0-8524-4F9B-9312-3AA071974B55}.Debug|Any CPU.ActiveCfg = Debug|Any CPU
		{7450ADC0-8524-4F9B-9312-3AA071974B55}.Debug|Any CPU.Build.0 = Debug|Any CPU
		{7450ADC0-8524-4F9B-9312-3AA071974B55}.Release|Any CPU.ActiveCfg = Release|Any CPU
		{7450ADC0-8524-4F9B-9312-3AA071974B55}.Release|Any CPU.Build.0 = Release|Any CPU
		{466C0050-D043-4B0D-A5CE-20525379CEBD}.Debug|Any CPU.ActiveCfg = Debug|Any CPU
		{466C0050-D043-4B0D-A5CE-20525379CEBD}.Debug|Any CPU.Build.0 = Debug|Any CPU
		{466C0050-D043-4B0D-A5CE-20525379CEBD}.Release|Any CPU.ActiveCfg = Release|Any CPU
		{466C0050-D043-4B0D-A5CE-20525379CEBD}.Release|Any CPU.Build.0 = Release|Any CPU
		{C2CE5C5D-6CCD-4887-A153-FEB66EECEDC4}.Debug|Any CPU.ActiveCfg = Debug|Any CPU
		{C2CE5C5D-6CCD-4887-A153-FEB66EECEDC4}.Debug|Any CPU.Build.0 = Debug|Any CPU
		{C2CE5C5D-6CCD-4887-A153-FEB66EECEDC4}.Release|Any CPU.ActiveCfg = Release|Any CPU
		{C2CE5C5D-6CCD-4887-A153-FEB66EECEDC4}.Release|Any CPU.Build.0 = Release|Any CPU
		{AF50E9FA-54E5-4AAB-A5C5-F6F95C519782}.Debug|Any CPU.ActiveCfg = Debug|Any CPU
		{AF50E9FA-54E5-4AAB-A5C5-F6F95C519782}.Debug|Any CPU.Build.0 = Debug|Any CPU
		{AF50E9FA-54E5-4AAB-A5C5-F6F95C519782}.Release|Any CPU.ActiveCfg = Release|Any CPU
		{AF50E9FA-54E5-4AAB-A5C5-F6F95C519782}.Release|Any CPU.Build.0 = Release|Any CPU
		{60C5C7B0-0FB8-49AB-894B-C498A4F6E31B}.Debug|Any CPU.ActiveCfg = Debug|Any CPU
		{60C5C7B0-0FB8-49AB-894B-C498A4F6E31B}.Debug|Any CPU.Build.0 = Debug|Any CPU
		{60C5C7B0-0FB8-49AB-894B-C498A4F6E31B}.Release|Any CPU.ActiveCfg = Release|Any CPU
		{60C5C7B0-0FB8-49AB-894B-C498A4F6E31B}.Release|Any CPU.Build.0 = Release|Any CPU
		{37502B7D-7381-4F99-AA2A-11052B4C2E79}.Debug|Any CPU.ActiveCfg = Debug|Any CPU
		{37502B7D-7381-4F99-AA2A-11052B4C2E79}.Debug|Any CPU.Build.0 = Debug|Any CPU
		{37502B7D-7381-4F99-AA2A-11052B4C2E79}.Release|Any CPU.ActiveCfg = Release|Any CPU
		{37502B7D-7381-4F99-AA2A-11052B4C2E79}.Release|Any CPU.Build.0 = Release|Any CPU
		{9096DF16-65FB-42F9-B332-8334AD1D214E}.Debug|Any CPU.ActiveCfg = Debug|Any CPU
		{9096DF16-65FB-42F9-B332-8334AD1D214E}.Debug|Any CPU.Build.0 = Debug|Any CPU
		{9096DF16-65FB-42F9-B332-8334AD1D214E}.Release|Any CPU.ActiveCfg = Release|Any CPU
		{9096DF16-65FB-42F9-B332-8334AD1D214E}.Release|Any CPU.Build.0 = Release|Any CPU
		{BD21D575-3939-4282-9F31-A6187E8859E5}.Debug|Any CPU.ActiveCfg = Debug|Any CPU
		{BD21D575-3939-4282-9F31-A6187E8859E5}.Debug|Any CPU.Build.0 = Debug|Any CPU
		{BD21D575-3939-4282-9F31-A6187E8859E5}.Release|Any CPU.ActiveCfg = Release|Any CPU
		{BD21D575-3939-4282-9F31-A6187E8859E5}.Release|Any CPU.Build.0 = Release|Any CPU
		{F38F37C9-8165-4E58-973A-869CDAC20F66}.Debug|Any CPU.ActiveCfg = Debug|Any CPU
		{F38F37C9-8165-4E58-973A-869CDAC20F66}.Debug|Any CPU.Build.0 = Debug|Any CPU
		{F38F37C9-8165-4E58-973A-869CDAC20F66}.Release|Any CPU.ActiveCfg = Release|Any CPU
		{F38F37C9-8165-4E58-973A-869CDAC20F66}.Release|Any CPU.Build.0 = Release|Any CPU
	EndGlobalSection
	GlobalSection(SolutionProperties) = preSolution
		HideSolutionNode = FALSE
	EndGlobalSection
	GlobalSection(NestedProjects) = preSolution
		{DE63FF0A-5CB4-40A2-9C5B-E72C6A29FF4A} = {4B37CD0E-8E6B-44B5-B63B-3892CD1500AD}
		{7A8F9CA8-D439-4193-9957-B96CF550D7AC} = {8FE94D6E-4373-44BE-AB82-860FFE73FFFD}
		{2CA0DA4D-2513-4DF3-B5B5-111D3BA8B2C4} = {8FE94D6E-4373-44BE-AB82-860FFE73FFFD}
		{71087A50-46D9-45B9-A6E7-6B084ECDB1AE} = {8FE94D6E-4373-44BE-AB82-860FFE73FFFD}
		{4A7B6A9F-CD3A-4F7D-84DF-504FE47602B7} = {8FE94D6E-4373-44BE-AB82-860FFE73FFFD}
		{FF01D2E2-EAF8-4DC2-8747-FBBE2456EEEE} = {247DD883-3A13-4334-9FC8-E1E4296DAFF2}
		{45AC178F-04C8-4D03-8C62-C5779596B3F5} = {247DD883-3A13-4334-9FC8-E1E4296DAFF2}
		{7450ADC0-8524-4F9B-9312-3AA071974B55} = {247DD883-3A13-4334-9FC8-E1E4296DAFF2}
		{466C0050-D043-4B0D-A5CE-20525379CEBD} = {247DD883-3A13-4334-9FC8-E1E4296DAFF2}
		{C2CE5C5D-6CCD-4887-A153-FEB66EECEDC4} = {247DD883-3A13-4334-9FC8-E1E4296DAFF2}
		{AF50E9FA-54E5-4AAB-A5C5-F6F95C519782} = {247DD883-3A13-4334-9FC8-E1E4296DAFF2}
		{60C5C7B0-0FB8-49AB-894B-C498A4F6E31B} = {247DD883-3A13-4334-9FC8-E1E4296DAFF2}
		{37502B7D-7381-4F99-AA2A-11052B4C2E79} = {247DD883-3A13-4334-9FC8-E1E4296DAFF2}
		{9096DF16-65FB-42F9-B332-8334AD1D214E} = {247DD883-3A13-4334-9FC8-E1E4296DAFF2}
		{BD21D575-3939-4282-9F31-A6187E8859E5} = {247DD883-3A13-4334-9FC8-E1E4296DAFF2}
		{F38F37C9-8165-4E58-973A-869CDAC20F66} = {247DD883-3A13-4334-9FC8-E1E4296DAFF2}
	EndGlobalSection
	GlobalSection(ExtensibilityGlobals) = postSolution
		SolutionGuid = {698060F9-D89F-4E75-9289-7C1CCFD5F1C7}
	EndGlobalSection
EndGlobal
